// !$*UTF8*$!
{
	archiveVersion = 1;
	classes = {
	};
	objectVersion = 77;
	objects = {

/* Begin PBXBuildFile section */
		494EFC152DDF36D700C66063 /* Geometry.framework in Frameworks */ = {isa = PBXBuildFile; fileRef = 4960AB482DDCE34E00EB1410 /* Geometry.framework */; };
		494EFC162DDF36D700C66063 /* Geometry.framework in Embed Frameworks */ = {isa = PBXBuildFile; fileRef = 4960AB482DDCE34E00EB1410 /* Geometry.framework */; settings = {ATTRIBUTES = (CodeSignOnCopy, RemoveHeadersOnCopy, ); }; };
		496813682E4643BA00B22450 /* ObservationKit.framework in Frameworks */ = {isa = PBXBuildFile; fileRef = 498FA26B2E2459DE0058A9C8 /* ObservationKit.framework */; };
		497244D82E4A616100481D5B /* Geometry.framework in Frameworks */ = {isa = PBXBuildFile; fileRef = 4960AB482DDCE34E00EB1410 /* Geometry.framework */; };
		497244D92E4A616100481D5B /* Geometry.framework in Embed Frameworks */ = {isa = PBXBuildFile; fileRef = 4960AB482DDCE34E00EB1410 /* Geometry.framework */; settings = {ATTRIBUTES = (CodeSignOnCopy, RemoveHeadersOnCopy, ); }; };
		497244DE2E4A618100481D5B /* Numerics in Frameworks */ = {isa = PBXBuildFile; productRef = 497244DD2E4A618100481D5B /* Numerics */; };
		498FA27E2E2459DE0058A9C8 /* ObservationKit.framework in Frameworks */ = {isa = PBXBuildFile; fileRef = 498FA26B2E2459DE0058A9C8 /* ObservationKit.framework */; };
		498FA27F2E2459DE0058A9C8 /* ObservationKit.framework in Embed Frameworks */ = {isa = PBXBuildFile; fileRef = 498FA26B2E2459DE0058A9C8 /* ObservationKit.framework */; settings = {ATTRIBUTES = (CodeSignOnCopy, RemoveHeadersOnCopy, ); }; };
		498FA2F52E2591E80058A9C8 /* QuantumMechanics.framework in Frameworks */ = {isa = PBXBuildFile; fileRef = 49EF5D4F2DE20D36008AFB31 /* QuantumMechanics.framework */; };
		498FA2F62E2591E80058A9C8 /* QuantumMechanics.framework in Embed Frameworks */ = {isa = PBXBuildFile; fileRef = 49EF5D4F2DE20D36008AFB31 /* QuantumMechanics.framework */; settings = {ATTRIBUTES = (CodeSignOnCopy, RemoveHeadersOnCopy, ); }; };
		49EF5D582DE20D36008AFB31 /* QuantumMechanics.framework in Frameworks */ = {isa = PBXBuildFile; fileRef = 49EF5D4F2DE20D36008AFB31 /* QuantumMechanics.framework */; };
		49F1F4102E4E8BF700ABEF15 /* Numerics in Frameworks */ = {isa = PBXBuildFile; productRef = 49F1F40F2E4E8BF700ABEF15 /* Numerics */; };
/* End PBXBuildFile section */

/* Begin PBXContainerItemProxy section */
		494EFC032DDF36B200C66063 /* PBXContainerItemProxy */ = {
			isa = PBXContainerItemProxy;
			containerPortal = 49FD311A2DBFC9E2003CEAF9 /* Project object */;
			proxyType = 1;
			remoteGlobalIDString = 494EFBF82DDF36B100C66063;
			remoteInfo = RelativityKit;
		};
		494EFC052DDF36B200C66063 /* PBXContainerItemProxy */ = {
			isa = PBXContainerItemProxy;
			containerPortal = 49FD311A2DBFC9E2003CEAF9 /* Project object */;
			proxyType = 1;
			remoteGlobalIDString = 4927F36B2DD25BC400E368D8;
			remoteInfo = Deus;
		};
		494EFC172DDF36D700C66063 /* PBXContainerItemProxy */ = {
			isa = PBXContainerItemProxy;
			containerPortal = 49FD311A2DBFC9E2003CEAF9 /* Project object */;
			proxyType = 1;
			remoteGlobalIDString = 4960AB472DDCE34E00EB1410;
			remoteInfo = Geometry;
		};
		496813692E4643BA00B22450 /* PBXContainerItemProxy */ = {
			isa = PBXContainerItemProxy;
			containerPortal = 49FD311A2DBFC9E2003CEAF9 /* Project object */;
			proxyType = 1;
			remoteGlobalIDString = 498FA26A2E2459DE0058A9C8;
			remoteInfo = ObservationKit;
		};
		497244DA2E4A616100481D5B /* PBXContainerItemProxy */ = {
			isa = PBXContainerItemProxy;
			containerPortal = 49FD311A2DBFC9E2003CEAF9 /* Project object */;
			proxyType = 1;
			remoteGlobalIDString = 4960AB472DDCE34E00EB1410;
			remoteInfo = Geometry;
		};
		498FA27C2E2459DE0058A9C8 /* PBXContainerItemProxy */ = {
			isa = PBXContainerItemProxy;
			containerPortal = 49FD311A2DBFC9E2003CEAF9 /* Project object */;
			proxyType = 1;
			remoteGlobalIDString = 498FA26A2E2459DE0058A9C8;
			remoteInfo = ObservationKit;
		};
		498FA2F72E2591E80058A9C8 /* PBXContainerItemProxy */ = {
			isa = PBXContainerItemProxy;
			containerPortal = 49FD311A2DBFC9E2003CEAF9 /* Project object */;
			proxyType = 1;
			remoteGlobalIDString = 49EF5D4E2DE20D36008AFB31;
			remoteInfo = StandardModel;
		};
/* End PBXContainerItemProxy section */

/* Begin PBXCopyFilesBuildPhase section */
		494EFC0E2DDF36B200C66063 /* Embed Frameworks */ = {
			isa = PBXCopyFilesBuildPhase;
			buildActionMask = 2147483647;
			dstPath = "";
			dstSubfolderSpec = 10;
			files = (
				498FA27F2E2459DE0058A9C8 /* ObservationKit.framework in Embed Frameworks */,
			);
			name = "Embed Frameworks";
			runOnlyForDeploymentPostprocessing = 0;
		};
		494EFC192DDF36D800C66063 /* Embed Frameworks */ = {
			isa = PBXCopyFilesBuildPhase;
			buildActionMask = 2147483647;
			dstPath = "";
			dstSubfolderSpec = 10;
			files = (
				494EFC162DDF36D700C66063 /* Geometry.framework in Embed Frameworks */,
			);
			name = "Embed Frameworks";
			runOnlyForDeploymentPostprocessing = 0;
		};
		496882E02DECCE4F004CB967 /* Embed Frameworks */ = {
			isa = PBXCopyFilesBuildPhase;
			buildActionMask = 2147483647;
			dstPath = "";
			dstSubfolderSpec = 10;
			files = (
				497244D92E4A616100481D5B /* Geometry.framework in Embed Frameworks */,
			);
			name = "Embed Frameworks";
			runOnlyForDeploymentPostprocessing = 0;
		};
		498FA2F92E2591E80058A9C8 /* Embed Frameworks */ = {
			isa = PBXCopyFilesBuildPhase;
			buildActionMask = 2147483647;
			dstPath = "";
			dstSubfolderSpec = 10;
			files = (
				498FA2F62E2591E80058A9C8 /* QuantumMechanics.framework in Embed Frameworks */,
			);
			name = "Embed Frameworks";
			runOnlyForDeploymentPostprocessing = 0;
		};
/* End PBXCopyFilesBuildPhase section */

/* Begin PBXFileReference section */
		4921F2692DD4ECA900393B6F /* Deus.xctestplan */ = {isa = PBXFileReference; lastKnownFileType = text; path = Deus.xctestplan; sourceTree = "<group>"; };
		4921F3192DD54F0B00393B6F /* .swift-format */ = {isa = PBXFileReference; lastKnownFileType = text; path = ".swift-format"; sourceTree = "<group>"; };
		49267D662EF1DA6C00FFA7AD /* .swift-version */ = {isa = PBXFileReference; lastKnownFileType = text; path = ".swift-version"; sourceTree = "<group>"; };
		4927F36C2DD25BC400E368D8 /* Deus.app */ = {isa = PBXFileReference; explicitFileType = wrapper.application; includeInIndex = 0; path = Deus.app; sourceTree = BUILT_PRODUCTS_DIR; };
		492A77552EE2EBD500BDB7D1 /* on-build */ = {isa = PBXFileReference; lastKnownFileType = wrapper; path = "on-build"; sourceTree = "<group>"; };
		494EFBF92DDF36B100C66063 /* RelativityKit.framework */ = {isa = PBXFileReference; explicitFileType = wrapper.framework; includeInIndex = 0; path = RelativityKit.framework; sourceTree = BUILT_PRODUCTS_DIR; };
		494EFC012DDF36B200C66063 /* RelativityKitTests.xctest */ = {isa = PBXFileReference; explicitFileType = wrapper.cfbundle; includeInIndex = 0; path = RelativityKitTests.xctest; sourceTree = BUILT_PRODUCTS_DIR; };
		4960AB482DDCE34E00EB1410 /* Geometry.framework */ = {isa = PBXFileReference; explicitFileType = wrapper.framework; includeInIndex = 0; path = Geometry.framework; sourceTree = BUILT_PRODUCTS_DIR; };
		4960AB502DDCE34E00EB1410 /* GeometryTests.xctest */ = {isa = PBXFileReference; explicitFileType = wrapper.cfbundle; includeInIndex = 0; path = GeometryTests.xctest; sourceTree = BUILT_PRODUCTS_DIR; };
		496813642E4643BA00B22450 /* ObservationKitTests.xctest */ = {isa = PBXFileReference; explicitFileType = wrapper.cfbundle; includeInIndex = 0; path = ObservationKitTests.xctest; sourceTree = BUILT_PRODUCTS_DIR; };
		498FA26B2E2459DE0058A9C8 /* ObservationKit.framework */ = {isa = PBXFileReference; explicitFileType = wrapper.framework; includeInIndex = 0; path = ObservationKit.framework; sourceTree = BUILT_PRODUCTS_DIR; };
		49EF5D4F2DE20D36008AFB31 /* QuantumMechanics.framework */ = {isa = PBXFileReference; explicitFileType = wrapper.framework; includeInIndex = 0; path = QuantumMechanics.framework; sourceTree = BUILT_PRODUCTS_DIR; };
		49EF5D572DE20D36008AFB31 /* QuantumMechanicsTests.xctest */ = {isa = PBXFileReference; explicitFileType = wrapper.cfbundle; includeInIndex = 0; path = QuantumMechanicsTests.xctest; sourceTree = BUILT_PRODUCTS_DIR; };
/* End PBXFileReference section */

/* Begin PBXFileSystemSynchronizedBuildFileExceptionSet section */
		493AD59E2E757A6E00DA3A76 /* Exceptions for "QuantumMechanicsTests" folder in "QuantumMechanicsTests" target */ = {
			isa = PBXFileSystemSynchronizedBuildFileExceptionSet;
			membershipExceptions = (
				DiscretionTests.swift.gyb,
			);
			target = 49EF5D562DE20D36008AFB31 /* QuantumMechanicsTests */;
		};
/* End PBXFileSystemSynchronizedBuildFileExceptionSet section */

/* Begin PBXFileSystemSynchronizedRootGroup section */
		4927F36D2DD25BC400E368D8 /* Deus */ = {
			isa = PBXFileSystemSynchronizedRootGroup;
			path = Deus;
			sourceTree = "<group>";
		};
		494EFBFA2DDF36B100C66063 /* RelativityKit */ = {
			isa = PBXFileSystemSynchronizedRootGroup;
			path = RelativityKit;
			sourceTree = "<group>";
		};
		494EFC072DDF36B200C66063 /* RelativityKitTests */ = {
			isa = PBXFileSystemSynchronizedRootGroup;
			path = RelativityKitTests;
			sourceTree = "<group>";
		};
		4960AB492DDCE34E00EB1410 /* Geometry */ = {
			isa = PBXFileSystemSynchronizedRootGroup;
			path = Geometry;
			sourceTree = "<group>";
		};
		4960AB562DDCE34E00EB1410 /* GeometryTests */ = {
			isa = PBXFileSystemSynchronizedRootGroup;
			path = GeometryTests;
			sourceTree = "<group>";
		};
		496813652E4643BA00B22450 /* ObservationKitTests */ = {
			isa = PBXFileSystemSynchronizedRootGroup;
			path = ObservationKitTests;
			sourceTree = "<group>";
		};
		498FA26C2E2459DE0058A9C8 /* ObservationKit */ = {
			isa = PBXFileSystemSynchronizedRootGroup;
			path = ObservationKit;
			sourceTree = "<group>";
		};
		49EF5D502DE20D36008AFB31 /* QuantumMechanics */ = {
			isa = PBXFileSystemSynchronizedRootGroup;
			path = QuantumMechanics;
			sourceTree = "<group>";
		};
		49EF5D5D2DE20D36008AFB31 /* QuantumMechanicsTests */ = {
			isa = PBXFileSystemSynchronizedRootGroup;
			exceptions = (
				493AD59E2E757A6E00DA3A76 /* Exceptions for "QuantumMechanicsTests" folder in "QuantumMechanicsTests" target */,
			);
			path = QuantumMechanicsTests;
			sourceTree = "<group>";
		};
/* End PBXFileSystemSynchronizedRootGroup section */

/* Begin PBXFrameworksBuildPhase section */
		4927F3692DD25BC400E368D8 /* Frameworks */ = {
			isa = PBXFrameworksBuildPhase;
			buildActionMask = 2147483647;
			files = (
				498FA27E2E2459DE0058A9C8 /* ObservationKit.framework in Frameworks */,
			);
			runOnlyForDeploymentPostprocessing = 0;
		};
		494EFBF62DDF36B100C66063 /* Frameworks */ = {
			isa = PBXFrameworksBuildPhase;
			buildActionMask = 2147483647;
			files = (
				494EFC152DDF36D700C66063 /* Geometry.framework in Frameworks */,
			);
			runOnlyForDeploymentPostprocessing = 0;
		};
		494EFBFE2DDF36B200C66063 /* Frameworks */ = {
			isa = PBXFrameworksBuildPhase;
			buildActionMask = 2147483647;
			files = (
			);
			runOnlyForDeploymentPostprocessing = 0;
		};
		4960AB452DDCE34E00EB1410 /* Frameworks */ = {
			isa = PBXFrameworksBuildPhase;
			buildActionMask = 2147483647;
			files = (
			);
			runOnlyForDeploymentPostprocessing = 0;
		};
		4960AB4D2DDCE34E00EB1410 /* Frameworks */ = {
			isa = PBXFrameworksBuildPhase;
			buildActionMask = 2147483647;
			files = (
			);
			runOnlyForDeploymentPostprocessing = 0;
		};
		496813612E4643BA00B22450 /* Frameworks */ = {
			isa = PBXFrameworksBuildPhase;
			buildActionMask = 2147483647;
			files = (
				496813682E4643BA00B22450 /* ObservationKit.framework in Frameworks */,
			);
			runOnlyForDeploymentPostprocessing = 0;
		};
		498FA2682E2459DE0058A9C8 /* Frameworks */ = {
			isa = PBXFrameworksBuildPhase;
			buildActionMask = 2147483647;
			files = (
				498FA2F52E2591E80058A9C8 /* QuantumMechanics.framework in Frameworks */,
			);
			runOnlyForDeploymentPostprocessing = 0;
		};
		49EF5D4C2DE20D36008AFB31 /* Frameworks */ = {
			isa = PBXFrameworksBuildPhase;
			buildActionMask = 2147483647;
			files = (
				497244DE2E4A618100481D5B /* Numerics in Frameworks */,
				497244D82E4A616100481D5B /* Geometry.framework in Frameworks */,
			);
			runOnlyForDeploymentPostprocessing = 0;
		};
		49EF5D542DE20D36008AFB31 /* Frameworks */ = {
			isa = PBXFrameworksBuildPhase;
			buildActionMask = 2147483647;
			files = (
				49F1F4102E4E8BF700ABEF15 /* Numerics in Frameworks */,
				49EF5D582DE20D36008AFB31 /* QuantumMechanics.framework in Frameworks */,
			);
			runOnlyForDeploymentPostprocessing = 0;
		};
/* End PBXFrameworksBuildPhase section */

/* Begin PBXGroup section */
		4960AB6D2DDCE45D00EB1410 /* Frameworks */ = {
			isa = PBXGroup;
			children = (
			);
			name = Frameworks;
			sourceTree = "<group>";
		};
		49FD31192DBFC9E2003CEAF9 = {
			isa = PBXGroup;
			children = (
				49267D662EF1DA6C00FFA7AD /* .swift-version */,
				492A77552EE2EBD500BDB7D1 /* on-build */,
				4921F2692DD4ECA900393B6F /* Deus.xctestplan */,
				4921F3192DD54F0B00393B6F /* .swift-format */,
				4927F36C2DD25BC400E368D8 /* Deus.app */,
				4927F36D2DD25BC400E368D8 /* Deus */,
				4960AB482DDCE34E00EB1410 /* Geometry.framework */,
				4960AB492DDCE34E00EB1410 /* Geometry */,
				4960AB502DDCE34E00EB1410 /* GeometryTests.xctest */,
				4960AB562DDCE34E00EB1410 /* GeometryTests */,
				494EFBFA2DDF36B100C66063 /* RelativityKit */,
				494EFC072DDF36B200C66063 /* RelativityKitTests */,
				49EF5D502DE20D36008AFB31 /* QuantumMechanics */,
				49EF5D5D2DE20D36008AFB31 /* QuantumMechanicsTests */,
				498FA26C2E2459DE0058A9C8 /* ObservationKit */,
				496813652E4643BA00B22450 /* ObservationKitTests */,
				4960AB6D2DDCE45D00EB1410 /* Frameworks */,
				494EFBF92DDF36B100C66063 /* RelativityKit.framework */,
				494EFC012DDF36B200C66063 /* RelativityKitTests.xctest */,
				49EF5D4F2DE20D36008AFB31 /* QuantumMechanics.framework */,
				49EF5D572DE20D36008AFB31 /* QuantumMechanicsTests.xctest */,
				498FA26B2E2459DE0058A9C8 /* ObservationKit.framework */,
				496813642E4643BA00B22450 /* ObservationKitTests.xctest */,
			);
			sourceTree = "<group>";
		};
/* End PBXGroup section */

/* Begin PBXHeadersBuildPhase section */
		494EFBF42DDF36B100C66063 /* Headers */ = {
			isa = PBXHeadersBuildPhase;
			buildActionMask = 2147483647;
			files = (
			);
			runOnlyForDeploymentPostprocessing = 0;
		};
		4960AB432DDCE34E00EB1410 /* Headers */ = {
			isa = PBXHeadersBuildPhase;
			buildActionMask = 2147483647;
			files = (
			);
			runOnlyForDeploymentPostprocessing = 0;
		};
		498FA2662E2459DE0058A9C8 /* Headers */ = {
			isa = PBXHeadersBuildPhase;
			buildActionMask = 2147483647;
			files = (
			);
			runOnlyForDeploymentPostprocessing = 0;
		};
		49EF5D4A2DE20D36008AFB31 /* Headers */ = {
			isa = PBXHeadersBuildPhase;
			buildActionMask = 2147483647;
			files = (
			);
			runOnlyForDeploymentPostprocessing = 0;
		};
/* End PBXHeadersBuildPhase section */

/* Begin PBXNativeTarget section */
		4927F36B2DD25BC400E368D8 /* Deus */ = {
			isa = PBXNativeTarget;
			buildConfigurationList = 4927F38B2DD25BC700E368D8 /* Build configuration list for PBXNativeTarget "Deus" */;
			buildPhases = (
				4927F3682DD25BC400E368D8 /* Sources */,
				4927F3692DD25BC400E368D8 /* Frameworks */,
				4927F36A2DD25BC400E368D8 /* Resources */,
				494EFC0E2DDF36B200C66063 /* Embed Frameworks */,
				49F1F62E2E4EB24800ABEF15 /* ShellScript */,
			);
			buildRules = (
			);
			dependencies = (
				498FA27D2E2459DE0058A9C8 /* PBXTargetDependency */,
			);
			fileSystemSynchronizedGroups = (
				4927F36D2DD25BC400E368D8 /* Deus */,
			);
			name = Deus;
			packageProductDependencies = (
			);
			productName = Deus;
			productReference = 4927F36C2DD25BC400E368D8 /* Deus.app */;
			productType = "com.apple.product-type.application";
		};
		494EFBF82DDF36B100C66063 /* RelativityKit */ = {
			isa = PBXNativeTarget;
			buildConfigurationList = 494EFC132DDF36B200C66063 /* Build configuration list for PBXNativeTarget "RelativityKit" */;
			buildPhases = (
				494EFBF42DDF36B100C66063 /* Headers */,
				494EFBF52DDF36B100C66063 /* Sources */,
				494EFBF62DDF36B100C66063 /* Frameworks */,
				494EFBF72DDF36B100C66063 /* Resources */,
				494EFC192DDF36D800C66063 /* Embed Frameworks */,
			);
			buildRules = (
			);
			dependencies = (
				494EFC182DDF36D700C66063 /* PBXTargetDependency */,
			);
			fileSystemSynchronizedGroups = (
				494EFBFA2DDF36B100C66063 /* RelativityKit */,
			);
			name = RelativityKit;
			packageProductDependencies = (
			);
			productName = RelativityKit;
			productReference = 494EFBF92DDF36B100C66063 /* RelativityKit.framework */;
			productType = "com.apple.product-type.framework";
		};
		494EFC002DDF36B200C66063 /* RelativityKitTests */ = {
			isa = PBXNativeTarget;
			buildConfigurationList = 494EFC142DDF36B200C66063 /* Build configuration list for PBXNativeTarget "RelativityKitTests" */;
			buildPhases = (
				494EFBFD2DDF36B200C66063 /* Sources */,
				494EFBFE2DDF36B200C66063 /* Frameworks */,
				494EFBFF2DDF36B200C66063 /* Resources */,
			);
			buildRules = (
			);
			dependencies = (
				494EFC042DDF36B200C66063 /* PBXTargetDependency */,
				494EFC062DDF36B200C66063 /* PBXTargetDependency */,
			);
			fileSystemSynchronizedGroups = (
				494EFC072DDF36B200C66063 /* RelativityKitTests */,
			);
			name = RelativityKitTests;
			packageProductDependencies = (
			);
			productName = RelativityKitTests;
			productReference = 494EFC012DDF36B200C66063 /* RelativityKitTests.xctest */;
			productType = "com.apple.product-type.bundle.unit-test";
		};
		4960AB472DDCE34E00EB1410 /* Geometry */ = {
			isa = PBXNativeTarget;
			buildConfigurationList = 4960AB622DDCE34E00EB1410 /* Build configuration list for PBXNativeTarget "Geometry" */;
			buildPhases = (
				4960AB432DDCE34E00EB1410 /* Headers */,
				4960AB442DDCE34E00EB1410 /* Sources */,
				4960AB452DDCE34E00EB1410 /* Frameworks */,
				4960AB462DDCE34E00EB1410 /* Resources */,
			);
			buildRules = (
			);
			dependencies = (
			);
			fileSystemSynchronizedGroups = (
				4960AB492DDCE34E00EB1410 /* Geometry */,
			);
			name = Geometry;
			packageProductDependencies = (
			);
			productName = Geometry;
			productReference = 4960AB482DDCE34E00EB1410 /* Geometry.framework */;
			productType = "com.apple.product-type.framework";
		};
		4960AB4F2DDCE34E00EB1410 /* GeometryTests */ = {
			isa = PBXNativeTarget;
			buildConfigurationList = 4960AB632DDCE34E00EB1410 /* Build configuration list for PBXNativeTarget "GeometryTests" */;
			buildPhases = (
				4960AB4C2DDCE34E00EB1410 /* Sources */,
				4960AB4D2DDCE34E00EB1410 /* Frameworks */,
				4960AB4E2DDCE34E00EB1410 /* Resources */,
			);
			buildRules = (
			);
			dependencies = (
			);
			fileSystemSynchronizedGroups = (
				4960AB562DDCE34E00EB1410 /* GeometryTests */,
			);
			name = GeometryTests;
			packageProductDependencies = (
			);
			productName = GeometryTests;
			productReference = 4960AB502DDCE34E00EB1410 /* GeometryTests.xctest */;
			productType = "com.apple.product-type.bundle.unit-test";
		};
		496813632E4643BA00B22450 /* ObservationKitTests */ = {
			isa = PBXNativeTarget;
			buildConfigurationList = 4968136B2E4643BA00B22450 /* Build configuration list for PBXNativeTarget "ObservationKitTests" */;
			buildPhases = (
				496813602E4643BA00B22450 /* Sources */,
				496813612E4643BA00B22450 /* Frameworks */,
				496813622E4643BA00B22450 /* Resources */,
			);
			buildRules = (
			);
			dependencies = (
				4968136A2E4643BA00B22450 /* PBXTargetDependency */,
			);
			fileSystemSynchronizedGroups = (
				496813652E4643BA00B22450 /* ObservationKitTests */,
			);
			name = ObservationKitTests;
			packageProductDependencies = (
			);
			productName = ObservationKitTests;
			productReference = 496813642E4643BA00B22450 /* ObservationKitTests.xctest */;
			productType = "com.apple.product-type.bundle.unit-test";
		};
		498FA26A2E2459DE0058A9C8 /* ObservationKit */ = {
			isa = PBXNativeTarget;
			buildConfigurationList = 498FA2842E2459DE0058A9C8 /* Build configuration list for PBXNativeTarget "ObservationKit" */;
			buildPhases = (
				498FA2662E2459DE0058A9C8 /* Headers */,
				498FA2672E2459DE0058A9C8 /* Sources */,
				498FA2682E2459DE0058A9C8 /* Frameworks */,
				498FA2692E2459DE0058A9C8 /* Resources */,
				498FA2F92E2591E80058A9C8 /* Embed Frameworks */,
			);
			buildRules = (
			);
			dependencies = (
				498FA2F82E2591E80058A9C8 /* PBXTargetDependency */,
			);
			fileSystemSynchronizedGroups = (
				498FA26C2E2459DE0058A9C8 /* ObservationKit */,
			);
			name = ObservationKit;
			packageProductDependencies = (
			);
			productName = ObservationKit;
			productReference = 498FA26B2E2459DE0058A9C8 /* ObservationKit.framework */;
			productType = "com.apple.product-type.framework";
		};
		49EF5D4E2DE20D36008AFB31 /* QuantumMechanics */ = {
			isa = PBXNativeTarget;
			buildConfigurationList = 49EF5D642DE20D36008AFB31 /* Build configuration list for PBXNativeTarget "QuantumMechanics" */;
			buildPhases = (
				49EF5D4A2DE20D36008AFB31 /* Headers */,
				49EF5D4B2DE20D36008AFB31 /* Sources */,
				49EF5D4C2DE20D36008AFB31 /* Frameworks */,
				49EF5D4D2DE20D36008AFB31 /* Resources */,
				496882E02DECCE4F004CB967 /* Embed Frameworks */,
			);
			buildRules = (
			);
			dependencies = (
				497244DB2E4A616100481D5B /* PBXTargetDependency */,
			);
			fileSystemSynchronizedGroups = (
				49EF5D502DE20D36008AFB31 /* QuantumMechanics */,
			);
			name = QuantumMechanics;
			packageProductDependencies = (
				497244DD2E4A618100481D5B /* Numerics */,
			);
			productName = StandardKit;
			productReference = 49EF5D4F2DE20D36008AFB31 /* QuantumMechanics.framework */;
			productType = "com.apple.product-type.framework";
		};
		49EF5D562DE20D36008AFB31 /* QuantumMechanicsTests */ = {
			isa = PBXNativeTarget;
			buildConfigurationList = 49EF5D672DE20D36008AFB31 /* Build configuration list for PBXNativeTarget "QuantumMechanicsTests" */;
			buildPhases = (
				49EF5D532DE20D36008AFB31 /* Sources */,
				49EF5D542DE20D36008AFB31 /* Frameworks */,
				49EF5D552DE20D36008AFB31 /* Resources */,
			);
			buildRules = (
			);
			dependencies = (
			);
			fileSystemSynchronizedGroups = (
				49EF5D5D2DE20D36008AFB31 /* QuantumMechanicsTests */,
			);
			name = QuantumMechanicsTests;
			packageProductDependencies = (
				49F1F40F2E4E8BF700ABEF15 /* Numerics */,
			);
			productName = StandardKitTests;
			productReference = 49EF5D572DE20D36008AFB31 /* QuantumMechanicsTests.xctest */;
			productType = "com.apple.product-type.bundle.unit-test";
		};
/* End PBXNativeTarget section */

/* Begin PBXProject section */
		49FD311A2DBFC9E2003CEAF9 /* Project object */ = {
			isa = PBXProject;
			attributes = {
				BuildIndependentTargetsInParallel = 1;
				LastSwiftUpdateCheck = 2600;
				LastUpgradeCheck = 1640;
				TargetAttributes = {
					4927F36B2DD25BC400E368D8 = {
						CreatedOnToolsVersion = 16.3;
					};
					494EFBF82DDF36B100C66063 = {
						CreatedOnToolsVersion = 16.3;
					};
					494EFC002DDF36B200C66063 = {
						CreatedOnToolsVersion = 16.3;
					};
					4960AB472DDCE34E00EB1410 = {
						CreatedOnToolsVersion = 16.3;
					};
					4960AB4F2DDCE34E00EB1410 = {
						CreatedOnToolsVersion = 16.3;
					};
					496813632E4643BA00B22450 = {
						CreatedOnToolsVersion = 26.0;
					};
					498FA26A2E2459DE0058A9C8 = {
						CreatedOnToolsVersion = 26.0;
					};
					49EF5D4E2DE20D36008AFB31 = {
						CreatedOnToolsVersion = 16.3;
					};
					49EF5D562DE20D36008AFB31 = {
						CreatedOnToolsVersion = 16.3;
						LastSwiftMigration = 1630;
					};
				};
			};
			buildConfigurationList = 49FD311D2DBFC9E2003CEAF9 /* Build configuration list for PBXProject "Deus" */;
			developmentRegion = en;
			hasScannedForEncodings = 0;
			knownRegions = (
				en,
				Base,
			);
			mainGroup = 49FD31192DBFC9E2003CEAF9;
			minimizedProjectReferenceProxies = 1;
			packageReferences = (
				497244DC2E4A618100481D5B /* XCRemoteSwiftPackageReference "swift-numerics" */,
			);
			preferredProjectObjectVersion = 77;
			productRefGroup = 49FD31192DBFC9E2003CEAF9;
			projectDirPath = "";
			projectRoot = "";
			targets = (
				4927F36B2DD25BC400E368D8 /* Deus */,
				4960AB472DDCE34E00EB1410 /* Geometry */,
				4960AB4F2DDCE34E00EB1410 /* GeometryTests */,
				494EFBF82DDF36B100C66063 /* RelativityKit */,
				494EFC002DDF36B200C66063 /* RelativityKitTests */,
				49EF5D4E2DE20D36008AFB31 /* QuantumMechanics */,
				49EF5D562DE20D36008AFB31 /* QuantumMechanicsTests */,
				498FA26A2E2459DE0058A9C8 /* ObservationKit */,
				496813632E4643BA00B22450 /* ObservationKitTests */,
			);
		};
/* End PBXProject section */

/* Begin PBXResourcesBuildPhase section */
		4927F36A2DD25BC400E368D8 /* Resources */ = {
			isa = PBXResourcesBuildPhase;
			buildActionMask = 2147483647;
			files = (
			);
			runOnlyForDeploymentPostprocessing = 0;
		};
		494EFBF72DDF36B100C66063 /* Resources */ = {
			isa = PBXResourcesBuildPhase;
			buildActionMask = 2147483647;
			files = (
			);
			runOnlyForDeploymentPostprocessing = 0;
		};
		494EFBFF2DDF36B200C66063 /* Resources */ = {
			isa = PBXResourcesBuildPhase;
			buildActionMask = 2147483647;
			files = (
			);
			runOnlyForDeploymentPostprocessing = 0;
		};
		4960AB462DDCE34E00EB1410 /* Resources */ = {
			isa = PBXResourcesBuildPhase;
			buildActionMask = 2147483647;
			files = (
			);
			runOnlyForDeploymentPostprocessing = 0;
		};
		4960AB4E2DDCE34E00EB1410 /* Resources */ = {
			isa = PBXResourcesBuildPhase;
			buildActionMask = 2147483647;
			files = (
			);
			runOnlyForDeploymentPostprocessing = 0;
		};
		496813622E4643BA00B22450 /* Resources */ = {
			isa = PBXResourcesBuildPhase;
			buildActionMask = 2147483647;
			files = (
			);
			runOnlyForDeploymentPostprocessing = 0;
		};
		498FA2692E2459DE0058A9C8 /* Resources */ = {
			isa = PBXResourcesBuildPhase;
			buildActionMask = 2147483647;
			files = (
			);
			runOnlyForDeploymentPostprocessing = 0;
		};
		49EF5D4D2DE20D36008AFB31 /* Resources */ = {
			isa = PBXResourcesBuildPhase;
			buildActionMask = 2147483647;
			files = (
			);
			runOnlyForDeploymentPostprocessing = 0;
		};
		49EF5D552DE20D36008AFB31 /* Resources */ = {
			isa = PBXResourcesBuildPhase;
			buildActionMask = 2147483647;
			files = (
			);
			runOnlyForDeploymentPostprocessing = 0;
		};
/* End PBXResourcesBuildPhase section */

/* Begin PBXShellScriptBuildPhase section */
		49F1F62E2E4EB24800ABEF15 /* ShellScript */ = {
			isa = PBXShellScriptBuildPhase;
			alwaysOutOfDate = 1;
			buildActionMask = 2147483647;
			files = (
			);
			inputFileListPaths = (
			);
			inputPaths = (
			);
			outputFileListPaths = (
			);
			outputPaths = (
				"$(SRCROOT)/.git/hooks/pre-commit",
			);
			runOnlyForDeploymentPostprocessing = 0;
			shellPath = /bin/sh;
			shellScript = "cd on-build && swift run && cd ..\n";
		};
/* End PBXShellScriptBuildPhase section */

/* Begin PBXSourcesBuildPhase section */
		4927F3682DD25BC400E368D8 /* Sources */ = {
			isa = PBXSourcesBuildPhase;
			buildActionMask = 2147483647;
			files = (
			);
			runOnlyForDeploymentPostprocessing = 0;
		};
		494EFBF52DDF36B100C66063 /* Sources */ = {
			isa = PBXSourcesBuildPhase;
			buildActionMask = 2147483647;
			files = (
			);
			runOnlyForDeploymentPostprocessing = 0;
		};
		494EFBFD2DDF36B200C66063 /* Sources */ = {
			isa = PBXSourcesBuildPhase;
			buildActionMask = 2147483647;
			files = (
			);
			runOnlyForDeploymentPostprocessing = 0;
		};
		4960AB442DDCE34E00EB1410 /* Sources */ = {
			isa = PBXSourcesBuildPhase;
			buildActionMask = 2147483647;
			files = (
			);
			runOnlyForDeploymentPostprocessing = 0;
		};
		4960AB4C2DDCE34E00EB1410 /* Sources */ = {
			isa = PBXSourcesBuildPhase;
			buildActionMask = 2147483647;
			files = (
			);
			runOnlyForDeploymentPostprocessing = 0;
		};
		496813602E4643BA00B22450 /* Sources */ = {
			isa = PBXSourcesBuildPhase;
			buildActionMask = 2147483647;
			files = (
			);
			runOnlyForDeploymentPostprocessing = 0;
		};
		498FA2672E2459DE0058A9C8 /* Sources */ = {
			isa = PBXSourcesBuildPhase;
			buildActionMask = 2147483647;
			files = (
			);
			runOnlyForDeploymentPostprocessing = 0;
		};
		49EF5D4B2DE20D36008AFB31 /* Sources */ = {
			isa = PBXSourcesBuildPhase;
			buildActionMask = 2147483647;
			files = (
			);
			runOnlyForDeploymentPostprocessing = 0;
		};
		49EF5D532DE20D36008AFB31 /* Sources */ = {
			isa = PBXSourcesBuildPhase;
			buildActionMask = 2147483647;
			files = (
			);
			runOnlyForDeploymentPostprocessing = 0;
		};
/* End PBXSourcesBuildPhase section */

/* Begin PBXTargetDependency section */
		494EFC042DDF36B200C66063 /* PBXTargetDependency */ = {
			isa = PBXTargetDependency;
			target = 494EFBF82DDF36B100C66063 /* RelativityKit */;
			targetProxy = 494EFC032DDF36B200C66063 /* PBXContainerItemProxy */;
		};
		494EFC062DDF36B200C66063 /* PBXTargetDependency */ = {
			isa = PBXTargetDependency;
			target = 4927F36B2DD25BC400E368D8 /* Deus */;
			targetProxy = 494EFC052DDF36B200C66063 /* PBXContainerItemProxy */;
		};
		494EFC182DDF36D700C66063 /* PBXTargetDependency */ = {
			isa = PBXTargetDependency;
			target = 4960AB472DDCE34E00EB1410 /* Geometry */;
			targetProxy = 494EFC172DDF36D700C66063 /* PBXContainerItemProxy */;
		};
		4968136A2E4643BA00B22450 /* PBXTargetDependency */ = {
			isa = PBXTargetDependency;
			target = 498FA26A2E2459DE0058A9C8 /* ObservationKit */;
			targetProxy = 496813692E4643BA00B22450 /* PBXContainerItemProxy */;
		};
		497244DB2E4A616100481D5B /* PBXTargetDependency */ = {
			isa = PBXTargetDependency;
			target = 4960AB472DDCE34E00EB1410 /* Geometry */;
			targetProxy = 497244DA2E4A616100481D5B /* PBXContainerItemProxy */;
		};
		498FA27D2E2459DE0058A9C8 /* PBXTargetDependency */ = {
			isa = PBXTargetDependency;
			target = 498FA26A2E2459DE0058A9C8 /* ObservationKit */;
			targetProxy = 498FA27C2E2459DE0058A9C8 /* PBXContainerItemProxy */;
		};
		498FA2F82E2591E80058A9C8 /* PBXTargetDependency */ = {
			isa = PBXTargetDependency;
			target = 49EF5D4E2DE20D36008AFB31 /* QuantumMechanics */;
			targetProxy = 498FA2F72E2591E80058A9C8 /* PBXContainerItemProxy */;
		};
/* End PBXTargetDependency section */

/* Begin XCBuildConfiguration section */
		4927F38C2DD25BC700E368D8 /* Debug */ = {
			isa = XCBuildConfiguration;
			buildSettings = {
				ASSETCATALOG_COMPILER_APPICON_NAME = AppIcon;
				ASSETCATALOG_COMPILER_GLOBAL_ACCENT_COLOR_NAME = AccentColor;
				CODE_SIGN_STYLE = Automatic;
				COMBINE_HIDPI_IMAGES = YES;
				CURRENT_PROJECT_VERSION = 1;
				DEVELOPMENT_TEAM = X5FKTSKM38;
				ENABLE_HARDENED_RUNTIME = YES;
				ENABLE_PREVIEWS = YES;
				GENERATE_INFOPLIST_FILE = YES;
				INFOPLIST_KEY_LSApplicationCategoryType = "public.app-category.reference";
				INFOPLIST_KEY_NSHumanReadableCopyright = "";
				LD_RUNPATH_SEARCH_PATHS = (
					"$(inherited)",
					"@executable_path/../Frameworks",
				);
				MACOSX_DEPLOYMENT_TARGET = 15.0;
				MARKETING_VERSION = 1.0;
				PRODUCT_BUNDLE_IDENTIFIER = "com.supernova-oss.deus.Deus";
				PRODUCT_NAME = "$(TARGET_NAME)";
				REGISTER_APP_GROUPS = YES;
				SWIFT_EMIT_LOC_STRINGS = YES;
			};
			name = Debug;
		};
		4927F38D2DD25BC700E368D8 /* Release */ = {
			isa = XCBuildConfiguration;
			buildSettings = {
				ASSETCATALOG_COMPILER_APPICON_NAME = AppIcon;
				ASSETCATALOG_COMPILER_GLOBAL_ACCENT_COLOR_NAME = AccentColor;
				CODE_SIGN_STYLE = Automatic;
				COMBINE_HIDPI_IMAGES = YES;
				CURRENT_PROJECT_VERSION = 1;
				DEVELOPMENT_TEAM = X5FKTSKM38;
				ENABLE_HARDENED_RUNTIME = YES;
				ENABLE_PREVIEWS = YES;
				GENERATE_INFOPLIST_FILE = YES;
				INFOPLIST_KEY_LSApplicationCategoryType = "public.app-category.reference";
				INFOPLIST_KEY_NSHumanReadableCopyright = "";
				LD_RUNPATH_SEARCH_PATHS = (
					"$(inherited)",
					"@executable_path/../Frameworks",
				);
				MACOSX_DEPLOYMENT_TARGET = 15.0;
				MARKETING_VERSION = 1.0;
				PRODUCT_BUNDLE_IDENTIFIER = "com.supernova-oss.deus.Deus";
				PRODUCT_NAME = "$(TARGET_NAME)";
				REGISTER_APP_GROUPS = YES;
				SWIFT_EMIT_LOC_STRINGS = YES;
			};
			name = Release;
		};
		494EFC0F2DDF36B200C66063 /* Debug */ = {
			isa = XCBuildConfiguration;
			buildSettings = {
				BUILD_LIBRARY_FOR_DISTRIBUTION = YES;
				CODE_SIGN_IDENTITY = "";
				"CODE_SIGN_IDENTITY[sdk=macosx*]" = "Apple Development";
				CODE_SIGN_STYLE = Automatic;
				COMBINE_HIDPI_IMAGES = YES;
				CURRENT_PROJECT_VERSION = 1;
				DEAD_CODE_STRIPPING = YES;
				DEVELOPMENT_TEAM = X5FKTSKM38;
				DYLIB_COMPATIBILITY_VERSION = 1;
				DYLIB_CURRENT_VERSION = 1;
				DYLIB_INSTALL_NAME_BASE = "@rpath";
				ENABLE_MODULE_VERIFIER = YES;
				GENERATE_INFOPLIST_FILE = YES;
				INFOPLIST_KEY_NSHumanReadableCopyright = "";
				INSTALL_PATH = "$(LOCAL_LIBRARY_DIR)/Frameworks";
				LD_RUNPATH_SEARCH_PATHS = (
					"$(inherited)",
					"@executable_path/../Frameworks",
					"@loader_path/Frameworks",
				);
				MACOSX_DEPLOYMENT_TARGET = 15.0;
				MARKETING_VERSION = 1.0;
				MODULE_VERIFIER_SUPPORTED_LANGUAGES = "objective-c objective-c++";
				MODULE_VERIFIER_SUPPORTED_LANGUAGE_STANDARDS = "gnu17 gnu++20";
				PRODUCT_BUNDLE_IDENTIFIER = "com.supernova-oss.deus.RelativityKit";
				PRODUCT_NAME = "$(TARGET_NAME:c99extidentifier)";
				SKIP_INSTALL = YES;
				SWIFT_EMIT_LOC_STRINGS = YES;
				SWIFT_INSTALL_MODULE = YES;
				SWIFT_INSTALL_OBJC_HEADER = NO;
				VERSIONING_SYSTEM = "apple-generic";
				VERSION_INFO_PREFIX = "";
			};
			name = Debug;
		};
		494EFC102DDF36B200C66063 /* Release */ = {
			isa = XCBuildConfiguration;
			buildSettings = {
				BUILD_LIBRARY_FOR_DISTRIBUTION = YES;
				CODE_SIGN_IDENTITY = "";
				"CODE_SIGN_IDENTITY[sdk=macosx*]" = "Apple Development";
				CODE_SIGN_STYLE = Automatic;
				COMBINE_HIDPI_IMAGES = YES;
				CURRENT_PROJECT_VERSION = 1;
				DEAD_CODE_STRIPPING = YES;
				DEVELOPMENT_TEAM = X5FKTSKM38;
				DYLIB_COMPATIBILITY_VERSION = 1;
				DYLIB_CURRENT_VERSION = 1;
				DYLIB_INSTALL_NAME_BASE = "@rpath";
				ENABLE_MODULE_VERIFIER = YES;
				GENERATE_INFOPLIST_FILE = YES;
				INFOPLIST_KEY_NSHumanReadableCopyright = "";
				INSTALL_PATH = "$(LOCAL_LIBRARY_DIR)/Frameworks";
				LD_RUNPATH_SEARCH_PATHS = (
					"$(inherited)",
					"@executable_path/../Frameworks",
					"@loader_path/Frameworks",
				);
				MACOSX_DEPLOYMENT_TARGET = 15.0;
				MARKETING_VERSION = 1.0;
				MODULE_VERIFIER_SUPPORTED_LANGUAGES = "objective-c objective-c++";
				MODULE_VERIFIER_SUPPORTED_LANGUAGE_STANDARDS = "gnu17 gnu++20";
				PRODUCT_BUNDLE_IDENTIFIER = "com.supernova-oss.deus.RelativityKit";
				PRODUCT_NAME = "$(TARGET_NAME:c99extidentifier)";
				SKIP_INSTALL = YES;
				SWIFT_EMIT_LOC_STRINGS = YES;
				SWIFT_INSTALL_MODULE = YES;
				SWIFT_INSTALL_OBJC_HEADER = NO;
				VERSIONING_SYSTEM = "apple-generic";
				VERSION_INFO_PREFIX = "";
			};
			name = Release;
		};
		494EFC112DDF36B200C66063 /* Debug */ = {
			isa = XCBuildConfiguration;
			buildSettings = {
				CODE_SIGN_STYLE = Automatic;
				CURRENT_PROJECT_VERSION = 1;
				DEVELOPMENT_TEAM = X5FKTSKM38;
				GENERATE_INFOPLIST_FILE = YES;
				MACOSX_DEPLOYMENT_TARGET = 15.0;
				MARKETING_VERSION = 1.0;
				PRODUCT_BUNDLE_IDENTIFIER = "com.supernova-oss.deus.RelativityKitTests";
				PRODUCT_NAME = "$(TARGET_NAME)";
				SWIFT_EMIT_LOC_STRINGS = NO;
			};
			name = Debug;
		};
		494EFC122DDF36B200C66063 /* Release */ = {
			isa = XCBuildConfiguration;
			buildSettings = {
				CODE_SIGN_STYLE = Automatic;
				CURRENT_PROJECT_VERSION = 1;
				DEVELOPMENT_TEAM = X5FKTSKM38;
				GENERATE_INFOPLIST_FILE = YES;
				MACOSX_DEPLOYMENT_TARGET = 15.0;
				MARKETING_VERSION = 1.0;
				PRODUCT_BUNDLE_IDENTIFIER = "com.supernova-oss.deus.RelativityKitTests";
				PRODUCT_NAME = "$(TARGET_NAME)";
				SWIFT_EMIT_LOC_STRINGS = NO;
			};
			name = Release;
		};
		4960AB5E2DDCE34E00EB1410 /* Debug */ = {
			isa = XCBuildConfiguration;
			buildSettings = {
				BUILD_LIBRARY_FOR_DISTRIBUTION = YES;
				CODE_SIGN_IDENTITY = "";
				"CODE_SIGN_IDENTITY[sdk=macosx*]" = "Apple Development";
				CODE_SIGN_STYLE = Automatic;
				COMBINE_HIDPI_IMAGES = YES;
				CURRENT_PROJECT_VERSION = 1;
				DEVELOPMENT_TEAM = X5FKTSKM38;
				DYLIB_COMPATIBILITY_VERSION = 1;
				DYLIB_CURRENT_VERSION = 1;
				DYLIB_INSTALL_NAME_BASE = "@rpath";
				ENABLE_MODULE_VERIFIER = YES;
				GENERATE_INFOPLIST_FILE = YES;
				INFOPLIST_KEY_NSHumanReadableCopyright = "";
				INSTALL_PATH = "$(LOCAL_LIBRARY_DIR)/Frameworks";
				LD_RUNPATH_SEARCH_PATHS = (
					"$(inherited)",
					"@executable_path/../Frameworks",
					"@loader_path/Frameworks",
				);
				MACOSX_DEPLOYMENT_TARGET = 15.0;
				MARKETING_VERSION = 1.0;
				MODULE_VERIFIER_SUPPORTED_LANGUAGES = "objective-c objective-c++";
				MODULE_VERIFIER_SUPPORTED_LANGUAGE_STANDARDS = "gnu17 gnu++20";
				PRODUCT_BUNDLE_IDENTIFIER = "com.supernova-oss.deus.Geometry";
				PRODUCT_NAME = "$(TARGET_NAME:c99extidentifier)";
				SKIP_INSTALL = YES;
				SWIFT_EMIT_LOC_STRINGS = YES;
				SWIFT_INSTALL_MODULE = YES;
				SWIFT_INSTALL_OBJC_HEADER = NO;
				VERSIONING_SYSTEM = "apple-generic";
				VERSION_INFO_PREFIX = "";
			};
			name = Debug;
		};
		4960AB5F2DDCE34E00EB1410 /* Release */ = {
			isa = XCBuildConfiguration;
			buildSettings = {
				BUILD_LIBRARY_FOR_DISTRIBUTION = YES;
				CODE_SIGN_IDENTITY = "";
				"CODE_SIGN_IDENTITY[sdk=macosx*]" = "Apple Development";
				CODE_SIGN_STYLE = Automatic;
				COMBINE_HIDPI_IMAGES = YES;
				CURRENT_PROJECT_VERSION = 1;
				DEVELOPMENT_TEAM = X5FKTSKM38;
				DYLIB_COMPATIBILITY_VERSION = 1;
				DYLIB_CURRENT_VERSION = 1;
				DYLIB_INSTALL_NAME_BASE = "@rpath";
				ENABLE_MODULE_VERIFIER = YES;
				GENERATE_INFOPLIST_FILE = YES;
				INFOPLIST_KEY_NSHumanReadableCopyright = "";
				INSTALL_PATH = "$(LOCAL_LIBRARY_DIR)/Frameworks";
				LD_RUNPATH_SEARCH_PATHS = (
					"$(inherited)",
					"@executable_path/../Frameworks",
					"@loader_path/Frameworks",
				);
				MACOSX_DEPLOYMENT_TARGET = 15.0;
				MARKETING_VERSION = 1.0;
				MODULE_VERIFIER_SUPPORTED_LANGUAGES = "objective-c objective-c++";
				MODULE_VERIFIER_SUPPORTED_LANGUAGE_STANDARDS = "gnu17 gnu++20";
				PRODUCT_BUNDLE_IDENTIFIER = "com.supernova-oss.deus.Geometry";
				PRODUCT_NAME = "$(TARGET_NAME:c99extidentifier)";
				SKIP_INSTALL = YES;
				SWIFT_EMIT_LOC_STRINGS = YES;
				SWIFT_INSTALL_MODULE = YES;
				SWIFT_INSTALL_OBJC_HEADER = NO;
				VERSIONING_SYSTEM = "apple-generic";
				VERSION_INFO_PREFIX = "";
			};
			name = Release;
		};
		4960AB602DDCE34E00EB1410 /* Debug */ = {
			isa = XCBuildConfiguration;
			buildSettings = {
				CODE_SIGN_STYLE = Automatic;
				CURRENT_PROJECT_VERSION = 1;
				DEVELOPMENT_TEAM = X5FKTSKM38;
				GENERATE_INFOPLIST_FILE = YES;
				MACOSX_DEPLOYMENT_TARGET = 15.0;
				MARKETING_VERSION = 1.0;
				PRODUCT_BUNDLE_IDENTIFIER = "com.supernova-oss.deus.GeometryTests";
				PRODUCT_NAME = "$(TARGET_NAME)";
				SWIFT_EMIT_LOC_STRINGS = NO;
			};
			name = Debug;
		};
		4960AB612DDCE34E00EB1410 /* Release */ = {
			isa = XCBuildConfiguration;
			buildSettings = {
				CODE_SIGN_STYLE = Automatic;
				CURRENT_PROJECT_VERSION = 1;
				DEVELOPMENT_TEAM = X5FKTSKM38;
				GENERATE_INFOPLIST_FILE = YES;
				MACOSX_DEPLOYMENT_TARGET = 15.0;
				MARKETING_VERSION = 1.0;
				PRODUCT_BUNDLE_IDENTIFIER = "com.supernova-oss.deus.GeometryTests";
				PRODUCT_NAME = "$(TARGET_NAME)";
				SWIFT_EMIT_LOC_STRINGS = NO;
			};
			name = Release;
		};
		4968136C2E4643BA00B22450 /* Debug */ = {
			isa = XCBuildConfiguration;
			buildSettings = {
				CODE_SIGN_STYLE = Automatic;
				CURRENT_PROJECT_VERSION = 1;
				DEVELOPMENT_TEAM = X5FKTSKM38;
				GENERATE_INFOPLIST_FILE = YES;
				MACOSX_DEPLOYMENT_TARGET = 15.0;
				MARKETING_VERSION = 1.0;
				PRODUCT_BUNDLE_IDENTIFIER = "com.supernova-oss.deus.ObservationKitTests";
				PRODUCT_NAME = "$(TARGET_NAME)";
				STRING_CATALOG_GENERATE_SYMBOLS = NO;
				SWIFT_EMIT_LOC_STRINGS = NO;
				SWIFT_UPCOMING_FEATURE_MEMBER_IMPORT_VISIBILITY = YES;
			};
			name = Debug;
		};
		4968136D2E4643BA00B22450 /* Release */ = {
			isa = XCBuildConfiguration;
			buildSettings = {
				CODE_SIGN_STYLE = Automatic;
				CURRENT_PROJECT_VERSION = 1;
				DEVELOPMENT_TEAM = X5FKTSKM38;
				GENERATE_INFOPLIST_FILE = YES;
				MACOSX_DEPLOYMENT_TARGET = 15.0;
				MARKETING_VERSION = 1.0;
				PRODUCT_BUNDLE_IDENTIFIER = "com.supernova-oss.deus.ObservationKitTests";
				PRODUCT_NAME = "$(TARGET_NAME)";
				STRING_CATALOG_GENERATE_SYMBOLS = NO;
				SWIFT_EMIT_LOC_STRINGS = NO;
				SWIFT_UPCOMING_FEATURE_MEMBER_IMPORT_VISIBILITY = YES;
			};
			name = Release;
		};
		498FA2802E2459DE0058A9C8 /* Debug */ = {
			isa = XCBuildConfiguration;
			buildSettings = {
				BUILD_LIBRARY_FOR_DISTRIBUTION = YES;
				CODE_SIGN_IDENTITY = "";
				"CODE_SIGN_IDENTITY[sdk=macosx*]" = "Apple Development";
				CODE_SIGN_STYLE = Automatic;
				COMBINE_HIDPI_IMAGES = YES;
				CURRENT_PROJECT_VERSION = 1;
				DEVELOPMENT_TEAM = X5FKTSKM38;
				DYLIB_COMPATIBILITY_VERSION = 1;
				DYLIB_CURRENT_VERSION = 1;
				DYLIB_INSTALL_NAME_BASE = "@rpath";
				ENABLE_MODULE_VERIFIER = YES;
				GENERATE_INFOPLIST_FILE = YES;
				INFOPLIST_KEY_NSHumanReadableCopyright = "";
				INSTALL_PATH = "$(LOCAL_LIBRARY_DIR)/Frameworks";
				LD_RUNPATH_SEARCH_PATHS = (
					"$(inherited)",
					"@executable_path/../Frameworks",
					"@loader_path/Frameworks",
				);
				MACOSX_DEPLOYMENT_TARGET = 15.0;
				MARKETING_VERSION = 1.0;
				MODULE_VERIFIER_SUPPORTED_LANGUAGES = "objective-c objective-c++";
				MODULE_VERIFIER_SUPPORTED_LANGUAGE_STANDARDS = "gnu17 gnu++20";
				PRODUCT_BUNDLE_IDENTIFIER = "com.supernova-oss.deus.ObservationKit";
				PRODUCT_NAME = "$(TARGET_NAME:c99extidentifier)";
				SKIP_INSTALL = YES;
				STRING_CATALOG_GENERATE_SYMBOLS = YES;
				SWIFT_EMIT_LOC_STRINGS = YES;
				SWIFT_INSTALL_MODULE = YES;
				SWIFT_INSTALL_OBJC_HEADER = NO;
				SWIFT_UPCOMING_FEATURE_MEMBER_IMPORT_VISIBILITY = YES;
				VERSIONING_SYSTEM = "apple-generic";
				VERSION_INFO_PREFIX = "";
			};
			name = Debug;
		};
		498FA2812E2459DE0058A9C8 /* Release */ = {
			isa = XCBuildConfiguration;
			buildSettings = {
				BUILD_LIBRARY_FOR_DISTRIBUTION = YES;
				CODE_SIGN_IDENTITY = "";
				"CODE_SIGN_IDENTITY[sdk=macosx*]" = "Apple Development";
				CODE_SIGN_STYLE = Automatic;
				COMBINE_HIDPI_IMAGES = YES;
				CURRENT_PROJECT_VERSION = 1;
				DEVELOPMENT_TEAM = X5FKTSKM38;
				DYLIB_COMPATIBILITY_VERSION = 1;
				DYLIB_CURRENT_VERSION = 1;
				DYLIB_INSTALL_NAME_BASE = "@rpath";
				ENABLE_MODULE_VERIFIER = YES;
				GENERATE_INFOPLIST_FILE = YES;
				INFOPLIST_KEY_NSHumanReadableCopyright = "";
				INSTALL_PATH = "$(LOCAL_LIBRARY_DIR)/Frameworks";
				LD_RUNPATH_SEARCH_PATHS = (
					"$(inherited)",
					"@executable_path/../Frameworks",
					"@loader_path/Frameworks",
				);
				MACOSX_DEPLOYMENT_TARGET = 15.0;
				MARKETING_VERSION = 1.0;
				MODULE_VERIFIER_SUPPORTED_LANGUAGES = "objective-c objective-c++";
				MODULE_VERIFIER_SUPPORTED_LANGUAGE_STANDARDS = "gnu17 gnu++20";
				PRODUCT_BUNDLE_IDENTIFIER = "com.supernova-oss.deus.ObservationKit";
				PRODUCT_NAME = "$(TARGET_NAME:c99extidentifier)";
				SKIP_INSTALL = YES;
				STRING_CATALOG_GENERATE_SYMBOLS = YES;
				SWIFT_EMIT_LOC_STRINGS = YES;
				SWIFT_INSTALL_MODULE = YES;
				SWIFT_INSTALL_OBJC_HEADER = NO;
				SWIFT_UPCOMING_FEATURE_MEMBER_IMPORT_VISIBILITY = YES;
				VERSIONING_SYSTEM = "apple-generic";
				VERSION_INFO_PREFIX = "";
			};
			name = Release;
		};
		49EF5D652DE20D36008AFB31 /* Debug */ = {
			isa = XCBuildConfiguration;
			buildSettings = {
				BUILD_LIBRARY_FOR_DISTRIBUTION = YES;
				CODE_SIGN_IDENTITY = "";
				"CODE_SIGN_IDENTITY[sdk=macosx*]" = "Apple Development";
				CODE_SIGN_STYLE = Automatic;
				COMBINE_HIDPI_IMAGES = YES;
				CURRENT_PROJECT_VERSION = 1;
				DEVELOPMENT_TEAM = X5FKTSKM38;
				DYLIB_COMPATIBILITY_VERSION = 1;
				DYLIB_CURRENT_VERSION = 1;
				DYLIB_INSTALL_NAME_BASE = "@rpath";
				ENABLE_MODULE_VERIFIER = YES;
				GENERATE_INFOPLIST_FILE = YES;
				INFOPLIST_KEY_NSHumanReadableCopyright = "";
				INSTALL_PATH = "$(LOCAL_LIBRARY_DIR)/Frameworks";
				LD_RUNPATH_SEARCH_PATHS = (
					"$(inherited)",
					"@executable_path/../Frameworks",
					"@loader_path/Frameworks",
				);
				MACOSX_DEPLOYMENT_TARGET = 15.0;
				MARKETING_VERSION = 1.0;
				MODULE_VERIFIER_SUPPORTED_LANGUAGES = "objective-c objective-c++";
				MODULE_VERIFIER_SUPPORTED_LANGUAGE_STANDARDS = "gnu17 gnu++20";
				PRODUCT_BUNDLE_IDENTIFIER = "com.supernova-oss.deus.QuantumMechanics";
				PRODUCT_NAME = "$(TARGET_NAME:c99extidentifier)";
				SKIP_INSTALL = YES;
				SWIFT_EMIT_LOC_STRINGS = YES;
				SWIFT_INSTALL_MODULE = YES;
				SWIFT_INSTALL_OBJC_HEADER = NO;
				VERSIONING_SYSTEM = "apple-generic";
				VERSION_INFO_PREFIX = "";
			};
			name = Debug;
		};
		49EF5D662DE20D36008AFB31 /* Release */ = {
			isa = XCBuildConfiguration;
			buildSettings = {
				BUILD_LIBRARY_FOR_DISTRIBUTION = YES;
				CODE_SIGN_IDENTITY = "";
				"CODE_SIGN_IDENTITY[sdk=macosx*]" = "Apple Development";
				CODE_SIGN_STYLE = Automatic;
				COMBINE_HIDPI_IMAGES = YES;
				CURRENT_PROJECT_VERSION = 1;
				DEVELOPMENT_TEAM = X5FKTSKM38;
				DYLIB_COMPATIBILITY_VERSION = 1;
				DYLIB_CURRENT_VERSION = 1;
				DYLIB_INSTALL_NAME_BASE = "@rpath";
				ENABLE_MODULE_VERIFIER = YES;
				GENERATE_INFOPLIST_FILE = YES;
				INFOPLIST_KEY_NSHumanReadableCopyright = "";
				INSTALL_PATH = "$(LOCAL_LIBRARY_DIR)/Frameworks";
				LD_RUNPATH_SEARCH_PATHS = (
					"$(inherited)",
					"@executable_path/../Frameworks",
					"@loader_path/Frameworks",
				);
				MACOSX_DEPLOYMENT_TARGET = 15.0;
				MARKETING_VERSION = 1.0;
				MODULE_VERIFIER_SUPPORTED_LANGUAGES = "objective-c objective-c++";
				MODULE_VERIFIER_SUPPORTED_LANGUAGE_STANDARDS = "gnu17 gnu++20";
				PRODUCT_BUNDLE_IDENTIFIER = "com.supernova-oss.deus.QuantumMechanics";
				PRODUCT_NAME = "$(TARGET_NAME:c99extidentifier)";
				SKIP_INSTALL = YES;
				SWIFT_EMIT_LOC_STRINGS = YES;
				SWIFT_INSTALL_MODULE = YES;
				SWIFT_INSTALL_OBJC_HEADER = NO;
				VERSIONING_SYSTEM = "apple-generic";
				VERSION_INFO_PREFIX = "";
			};
			name = Release;
		};
		49EF5D682DE20D36008AFB31 /* Debug */ = {
			isa = XCBuildConfiguration;
			buildSettings = {
				CLANG_ENABLE_MODULES = YES;
				CODE_SIGN_STYLE = Automatic;
				CURRENT_PROJECT_VERSION = 1;
				DEVELOPMENT_TEAM = X5FKTSKM38;
				ENABLE_USER_SCRIPT_SANDBOXING = NO;
				GENERATE_INFOPLIST_FILE = YES;
				MACOSX_DEPLOYMENT_TARGET = 15.0;
				MARKETING_VERSION = 1.0;
				PRODUCT_BUNDLE_IDENTIFIER = "com.supernova-oss.deus.QuantumMechanicsTests";
				PRODUCT_NAME = "$(TARGET_NAME)";
				SWIFT_EMIT_LOC_STRINGS = NO;
				SWIFT_OPTIMIZATION_LEVEL = "-Onone";
			};
			name = Debug;
		};
		49EF5D692DE20D36008AFB31 /* Release */ = {
			isa = XCBuildConfiguration;
			buildSettings = {
				CLANG_ENABLE_MODULES = YES;
				CODE_SIGN_STYLE = Automatic;
				CURRENT_PROJECT_VERSION = 1;
				DEVELOPMENT_TEAM = X5FKTSKM38;
				GENERATE_INFOPLIST_FILE = YES;
				MACOSX_DEPLOYMENT_TARGET = 15.0;
				MARKETING_VERSION = 1.0;
				PRODUCT_BUNDLE_IDENTIFIER = "com.supernova-oss.deus.QuantumMechanicsTests";
				PRODUCT_NAME = "$(TARGET_NAME)";
				SWIFT_EMIT_LOC_STRINGS = NO;
			};
			name = Release;
		};
		49FD31422DBFC9E3003CEAF9 /* Debug */ = {
			isa = XCBuildConfiguration;
			buildSettings = {
				ALWAYS_SEARCH_USER_PATHS = NO;
				ASSETCATALOG_COMPILER_GENERATE_SWIFT_ASSET_SYMBOL_EXTENSIONS = YES;
				CLANG_ANALYZER_NONNULL = YES;
				CLANG_ANALYZER_NUMBER_OBJECT_CONVERSION = YES_AGGRESSIVE;
				CLANG_CXX_LANGUAGE_STANDARD = "gnu++20";
				CLANG_ENABLE_MODULES = YES;
				CLANG_ENABLE_OBJC_ARC = YES;
				CLANG_ENABLE_OBJC_WEAK = YES;
				CLANG_WARN_BLOCK_CAPTURE_AUTORELEASING = YES;
				CLANG_WARN_BOOL_CONVERSION = YES;
				CLANG_WARN_COMMA = YES;
				CLANG_WARN_CONSTANT_CONVERSION = YES;
				CLANG_WARN_DEPRECATED_OBJC_IMPLEMENTATIONS = YES;
				CLANG_WARN_DIRECT_OBJC_ISA_USAGE = YES_ERROR;
				CLANG_WARN_DOCUMENTATION_COMMENTS = YES;
				CLANG_WARN_EMPTY_BODY = YES;
				CLANG_WARN_ENUM_CONVERSION = YES;
				CLANG_WARN_INFINITE_RECURSION = YES;
				CLANG_WARN_INT_CONVERSION = YES;
				CLANG_WARN_NON_LITERAL_NULL_CONVERSION = YES;
				CLANG_WARN_OBJC_IMPLICIT_RETAIN_SELF = YES;
				CLANG_WARN_OBJC_LITERAL_CONVERSION = YES;
				CLANG_WARN_OBJC_ROOT_CLASS = YES_ERROR;
				CLANG_WARN_QUOTED_INCLUDE_IN_FRAMEWORK_HEADER = YES;
				CLANG_WARN_RANGE_LOOP_ANALYSIS = YES;
				CLANG_WARN_STRICT_PROTOTYPES = YES;
				CLANG_WARN_SUSPICIOUS_MOVE = YES;
				CLANG_WARN_UNGUARDED_AVAILABILITY = YES_AGGRESSIVE;
				CLANG_WARN_UNREACHABLE_CODE = YES;
				CLANG_WARN__DUPLICATE_METHOD_MATCH = YES;
				CODE_SIGN_INJECT_BASE_ENTITLEMENTS = YES;
				COPY_PHASE_STRIP = NO;
				DEAD_CODE_STRIPPING = YES;
				DEBUG_INFORMATION_FORMAT = dwarf;
				DEVELOPMENT_TEAM = X5FKTSKM38;
				ENABLE_STRICT_OBJC_MSGSEND = YES;
				ENABLE_TESTABILITY = YES;
				ENABLE_USER_SCRIPT_SANDBOXING = NO;
				GCC_C_LANGUAGE_STANDARD = gnu17;
				GCC_DYNAMIC_NO_PIC = NO;
				GCC_NO_COMMON_BLOCKS = YES;
				GCC_OPTIMIZATION_LEVEL = 0;
				GCC_PREPROCESSOR_DEFINITIONS = (
					"DEBUG=1",
					"$(inherited)",
				);
				GCC_WARN_64_TO_32_BIT_CONVERSION = YES;
				GCC_WARN_ABOUT_RETURN_TYPE = YES_ERROR;
				GCC_WARN_UNDECLARED_SELECTOR = YES;
				GCC_WARN_UNINITIALIZED_AUTOS = YES_AGGRESSIVE;
				GCC_WARN_UNUSED_FUNCTION = YES;
				GCC_WARN_UNUSED_VARIABLE = YES;
				LOCALIZATION_PREFERS_STRING_CATALOGS = YES;
				MACOSX_DEPLOYMENT_TARGET = 15.0;
				MTL_ENABLE_DEBUG_INFO = INCLUDE_SOURCE;
				MTL_FAST_MATH = YES;
				ONLY_ACTIVE_ARCH = YES;
				SDKROOT = macosx;
				SWIFT_ACTIVE_COMPILATION_CONDITIONS = "DEBUG $(inherited)";
				SWIFT_OPTIMIZATION_LEVEL = "-Onone";
				SWIFT_VERSION = 6.0;
			};
			name = Debug;
		};
		49FD31432DBFC9E3003CEAF9 /* Release */ = {
			isa = XCBuildConfiguration;
			buildSettings = {
				ALWAYS_SEARCH_USER_PATHS = NO;
				ASSETCATALOG_COMPILER_GENERATE_SWIFT_ASSET_SYMBOL_EXTENSIONS = YES;
				CLANG_ANALYZER_NONNULL = YES;
				CLANG_ANALYZER_NUMBER_OBJECT_CONVERSION = YES_AGGRESSIVE;
				CLANG_CXX_LANGUAGE_STANDARD = "gnu++20";
				CLANG_ENABLE_MODULES = YES;
				CLANG_ENABLE_OBJC_ARC = YES;
				CLANG_ENABLE_OBJC_WEAK = YES;
				CLANG_WARN_BLOCK_CAPTURE_AUTORELEASING = YES;
				CLANG_WARN_BOOL_CONVERSION = YES;
				CLANG_WARN_COMMA = YES;
				CLANG_WARN_CONSTANT_CONVERSION = YES;
				CLANG_WARN_DEPRECATED_OBJC_IMPLEMENTATIONS = YES;
				CLANG_WARN_DIRECT_OBJC_ISA_USAGE = YES_ERROR;
				CLANG_WARN_DOCUMENTATION_COMMENTS = YES;
				CLANG_WARN_EMPTY_BODY = YES;
				CLANG_WARN_ENUM_CONVERSION = YES;
				CLANG_WARN_INFINITE_RECURSION = YES;
				CLANG_WARN_INT_CONVERSION = YES;
				CLANG_WARN_NON_LITERAL_NULL_CONVERSION = YES;
				CLANG_WARN_OBJC_IMPLICIT_RETAIN_SELF = YES;
				CLANG_WARN_OBJC_LITERAL_CONVERSION = YES;
				CLANG_WARN_OBJC_ROOT_CLASS = YES_ERROR;
				CLANG_WARN_QUOTED_INCLUDE_IN_FRAMEWORK_HEADER = YES;
				CLANG_WARN_RANGE_LOOP_ANALYSIS = YES;
				CLANG_WARN_STRICT_PROTOTYPES = YES;
				CLANG_WARN_SUSPICIOUS_MOVE = YES;
				CLANG_WARN_UNGUARDED_AVAILABILITY = YES_AGGRESSIVE;
				CLANG_WARN_UNREACHABLE_CODE = YES;
				CLANG_WARN__DUPLICATE_METHOD_MATCH = YES;
				CODE_SIGN_INJECT_BASE_ENTITLEMENTS = YES;
				COPY_PHASE_STRIP = NO;
				DEAD_CODE_STRIPPING = YES;
				DEBUG_INFORMATION_FORMAT = "dwarf-with-dsym";
				DEVELOPMENT_TEAM = X5FKTSKM38;
				ENABLE_NS_ASSERTIONS = NO;
				ENABLE_STRICT_OBJC_MSGSEND = YES;
				ENABLE_USER_SCRIPT_SANDBOXING = NO;
				GCC_C_LANGUAGE_STANDARD = gnu17;
				GCC_NO_COMMON_BLOCKS = YES;
				GCC_WARN_64_TO_32_BIT_CONVERSION = YES;
				GCC_WARN_ABOUT_RETURN_TYPE = YES_ERROR;
				GCC_WARN_UNDECLARED_SELECTOR = YES;
				GCC_WARN_UNINITIALIZED_AUTOS = YES_AGGRESSIVE;
				GCC_WARN_UNUSED_FUNCTION = YES;
				GCC_WARN_UNUSED_VARIABLE = YES;
				LOCALIZATION_PREFERS_STRING_CATALOGS = YES;
				MACOSX_DEPLOYMENT_TARGET = 15.0;
				MTL_ENABLE_DEBUG_INFO = NO;
				MTL_FAST_MATH = YES;
				SDKROOT = macosx;
				SWIFT_COMPILATION_MODE = wholemodule;
				SWIFT_VERSION = 6.0;
			};
			name = Release;
		};
/* End XCBuildConfiguration section */

/* Begin XCConfigurationList section */
		4927F38B2DD25BC700E368D8 /* Build configuration list for PBXNativeTarget "Deus" */ = {
			isa = XCConfigurationList;
			buildConfigurations = (
				4927F38C2DD25BC700E368D8 /* Debug */,
				4927F38D2DD25BC700E368D8 /* Release */,
			);
			defaultConfigurationIsVisible = 0;
			defaultConfigurationName = Release;
		};
		494EFC132DDF36B200C66063 /* Build configuration list for PBXNativeTarget "RelativityKit" */ = {
			isa = XCConfigurationList;
			buildConfigurations = (
				494EFC0F2DDF36B200C66063 /* Debug */,
				494EFC102DDF36B200C66063 /* Release */,
			);
			defaultConfigurationIsVisible = 0;
			defaultConfigurationName = Release;
		};
		494EFC142DDF36B200C66063 /* Build configuration list for PBXNativeTarget "RelativityKitTests" */ = {
			isa = XCConfigurationList;
			buildConfigurations = (
				494EFC112DDF36B200C66063 /* Debug */,
				494EFC122DDF36B200C66063 /* Release */,
			);
			defaultConfigurationIsVisible = 0;
			defaultConfigurationName = Release;
		};
		4960AB622DDCE34E00EB1410 /* Build configuration list for PBXNativeTarget "Geometry" */ = {
			isa = XCConfigurationList;
			buildConfigurations = (
				4960AB5E2DDCE34E00EB1410 /* Debug */,
				4960AB5F2DDCE34E00EB1410 /* Release */,
			);
			defaultConfigurationIsVisible = 0;
			defaultConfigurationName = Release;
		};
		4960AB632DDCE34E00EB1410 /* Build configuration list for PBXNativeTarget "GeometryTests" */ = {
			isa = XCConfigurationList;
			buildConfigurations = (
				4960AB602DDCE34E00EB1410 /* Debug */,
				4960AB612DDCE34E00EB1410 /* Release */,
			);
			defaultConfigurationIsVisible = 0;
			defaultConfigurationName = Release;
		};
		4968136B2E4643BA00B22450 /* Build configuration list for PBXNativeTarget "ObservationKitTests" */ = {
			isa = XCConfigurationList;
			buildConfigurations = (
				4968136C2E4643BA00B22450 /* Debug */,
				4968136D2E4643BA00B22450 /* Release */,
			);
			defaultConfigurationIsVisible = 0;
			defaultConfigurationName = Release;
		};
		498FA2842E2459DE0058A9C8 /* Build configuration list for PBXNativeTarget "ObservationKit" */ = {
			isa = XCConfigurationList;
			buildConfigurations = (
				498FA2802E2459DE0058A9C8 /* Debug */,
				498FA2812E2459DE0058A9C8 /* Release */,
			);
			defaultConfigurationIsVisible = 0;
			defaultConfigurationName = Release;
		};
		49EF5D642DE20D36008AFB31 /* Build configuration list for PBXNativeTarget "QuantumMechanics" */ = {
			isa = XCConfigurationList;
			buildConfigurations = (
				49EF5D652DE20D36008AFB31 /* Debug */,
				49EF5D662DE20D36008AFB31 /* Release */,
			);
			defaultConfigurationIsVisible = 0;
			defaultConfigurationName = Release;
		};
		49EF5D672DE20D36008AFB31 /* Build configuration list for PBXNativeTarget "QuantumMechanicsTests" */ = {
			isa = XCConfigurationList;
			buildConfigurations = (
				49EF5D682DE20D36008AFB31 /* Debug */,
				49EF5D692DE20D36008AFB31 /* Release */,
			);
			defaultConfigurationIsVisible = 0;
			defaultConfigurationName = Release;
		};
		49FD311D2DBFC9E2003CEAF9 /* Build configuration list for PBXProject "Deus" */ = {
			isa = XCConfigurationList;
			buildConfigurations = (
				49FD31422DBFC9E3003CEAF9 /* Debug */,
				49FD31432DBFC9E3003CEAF9 /* Release */,
			);
			defaultConfigurationIsVisible = 0;
			defaultConfigurationName = Release;
		};
/* End XCConfigurationList section */

/* Begin XCRemoteSwiftPackageReference section */
		497244DC2E4A618100481D5B /* XCRemoteSwiftPackageReference "swift-numerics" */ = {
			isa = XCRemoteSwiftPackageReference;
			repositoryURL = "https://github.com/apple/swift-numerics.git";
			requirement = {
				kind = exactVersion;
				version = 1.0.3;
			};
		};
/* End XCRemoteSwiftPackageReference section */

/* Begin XCSwiftPackageProductDependency section */
		497244DD2E4A618100481D5B /* Numerics */ = {
			isa = XCSwiftPackageProductDependency;
			package = 497244DC2E4A618100481D5B /* XCRemoteSwiftPackageReference "swift-numerics" */;
			productName = Numerics;
		};
		49F1F40F2E4E8BF700ABEF15 /* Numerics */ = {
			isa = XCSwiftPackageProductDependency;
			package = 497244DC2E4A618100481D5B /* XCRemoteSwiftPackageReference "swift-numerics" */;
			productName = Numerics;
		};
/* End XCSwiftPackageProductDependency section */
	};
	rootObject = 49FD311A2DBFC9E2003CEAF9 /* Project object */;
}
